
Microsoft Visual Studio Solution File, Format Version 12.00
# Visual Studio 15
VisualStudioVersion = 15.0.28307.421
MinimumVisualStudioVersion = 10.0.40219.1
Project("{FAE04EC0-301F-11D3-BF4B-00C04F79EFBC}") = "C001.封鎖應用程式執行AsyncWaitHandle", "C001.封鎖應用程式執行AsyncWaitHandle\C001.封鎖應用程式執行AsyncWaitHandle.csproj", "{64F183FD-9AEE-4196-AAD8-79080E364DC8}"
EndProject
Global
	GlobalSection(SolutionConfigurationPlatforms) = preSolution
		Debug|Any CPU = Debug|Any CPU
		Release|Any CPU = Release|Any CPU
	EndGlobalSection
	GlobalSection(ProjectConfigurationPlatforms) = postSolution
		{64F183FD-9AEE-4196-AAD8-79080E364DC8}.Debug|Any CPU.ActiveCfg = Debug|Any CPU
		{64F183FD-9AEE-4196-AAD8-79080E364DC8}.Debug|Any CPU.Build.0 = Debug|Any CPU
		{64F183FD-9AEE-4196-AAD8-79080E364DC8}.Release|Any CPU.ActiveCfg = Release|Any CPU
		{64F183FD-9AEE-4196-AAD8-79080E364DC8}.Release|Any CPU.Build.0 = Release|Any CPU
	EndGlobalSection
	GlobalSection(SolutionProperties) = preSolution
		HideSolutionNode = FALSE
	EndGlobalSection
	GlobalSection(ExtensibilityGlobals) = postSolution
		SolutionGuid = {18E1B464-2D4C-41FD-945E-7211AC6E8F92}
	EndGlobalSection
EndGlobal
