
Microsoft Visual Studio Solution File, Format Version 12.00
# Visual Studio Version 16
VisualStudioVersion = 16.0.29009.5
MinimumVisualStudioVersion = 10.0.40219.1
Project("{FAE04EC0-301F-11D3-BF4B-00C04F79EFBC}") = "執行緒集區的使用與歸還", "執行緒集區的使用與歸還\執行緒集區的使用與歸還.csproj", "{58412B11-D64F-43FB-89DA-4A4B0D10214A}"
EndProject
Global
	GlobalSection(SolutionConfigurationPlatforms) = preSolution
		Debug|Any CPU = Debug|Any CPU
		Release|Any CPU = Release|Any CPU
	EndGlobalSection
	GlobalSection(ProjectConfigurationPlatforms) = postSolution
		{58412B11-D64F-43FB-89DA-4A4B0D10214A}.Debug|Any CPU.ActiveCfg = Debug|Any CPU
		{58412B11-D64F-43FB-89DA-4A4B0D10214A}.Debug|Any CPU.Build.0 = Debug|Any CPU
		{58412B11-D64F-43FB-89DA-4A4B0D10214A}.Release|Any CPU.ActiveCfg = Release|Any CPU
		{58412B11-D64F-43FB-89DA-4A4B0D10214A}.Release|Any CPU.Build.0 = Release|Any CPU
	EndGlobalSection
	GlobalSection(SolutionProperties) = preSolution
		HideSolutionNode = FALSE
	EndGlobalSection
	GlobalSection(ExtensibilityGlobals) = postSolution
		SolutionGuid = {8AD7DA0B-3BA0-4ABC-8969-C14A6C6211A4}
	EndGlobalSection
EndGlobal
